
Microsoft Visual Studio Solution File, Format Version 12.00
# Visual Studio 15
VisualStudioVersion = 15.0.26730.3
MinimumVisualStudioVersion = 10.0.40219.1
Project("{FAE04EC0-301F-11D3-BF4B-00C04F79EFBC}") = "Geoban.WPF.Demo", "Geoban.WPF.Demo\Geoban.WPF.Demo.csproj", "{B9BEEE81-950E-4C52-92AD-7CB1EC49CE84}"
EndProject
Project("{FAE04EC0-301F-11D3-BF4B-00C04F79EFBC}") = "Geoban.Sharing.Models", "Geoban.Sharing.Models\Geoban.Sharing.Models.csproj", "{B0C873B3-7E9A-4C93-9121-847884505D58}"
EndProject
Project("{FAE04EC0-301F-11D3-BF4B-00C04F79EFBC}") = "Geoban.Sharing.Services", "Geoban.Sharing.Services\Geoban.Sharing.Services.csproj", "{526B5616-A635-4E51-B17C-5D0EFDE66DF8}"
EndProject
Project("{FAE04EC0-301F-11D3-BF4B-00C04F79EFBC}") = "Geoban.Sharing.MockServices", "Geoban.Sharing.MockServices\Geoban.Sharing.MockServices.csproj", "{4CF8093E-F940-446C-AC41-9AC01008A120}"
EndProject
Project("{FAE04EC0-301F-11D3-BF4B-00C04F79EFBC}") = "Geoban.Sharing.WPFClient", "Geoban.Sharing.WPFClient\Geoban.Sharing.WPFClient.csproj", "{860E8203-29BD-4F68-98B0-9D6E74C10BE0}"
EndProject
Project("{FAE04EC0-301F-11D3-BF4B-00C04F79EFBC}") = "Geoban.Sharing.DbServices", "Geoban.Sharing.DbServices\Geoban.Sharing.DbServices.csproj", "{DD1AF92A-6C49-4ECA-A968-252529B99D68}"
EndProject
Project("{FAE04EC0-301F-11D3-BF4B-00C04F79EFBC}") = "Geoban.WPF.Common", "Geoban.WPF.Common\Geoban.WPF.Common.csproj", "{74B5058E-3C97-491B-A21A-B0B20DAF8DD6}"
EndProject
Project("{FAE04EC0-301F-11D3-BF4B-00C04F79EFBC}") = "Geoban.WPF.Resources", "Geoban.WPF.Resources\Geoban.WPF.Resources.csproj", "{D86990FE-C400-4E40-985B-ECBA6CDF337D}"
EndProject
Global
	GlobalSection(SolutionConfigurationPlatforms) = preSolution
		Debug|Any CPU = Debug|Any CPU
		Release|Any CPU = Release|Any CPU
	EndGlobalSection
	GlobalSection(ProjectConfigurationPlatforms) = postSolution
		{B9BEEE81-950E-4C52-92AD-7CB1EC49CE84}.Debug|Any CPU.ActiveCfg = Debug|Any CPU
		{B9BEEE81-950E-4C52-92AD-7CB1EC49CE84}.Debug|Any CPU.Build.0 = Debug|Any CPU
		{B9BEEE81-950E-4C52-92AD-7CB1EC49CE84}.Release|Any CPU.ActiveCfg = Release|Any CPU
		{B9BEEE81-950E-4C52-92AD-7CB1EC49CE84}.Release|Any CPU.Build.0 = Release|Any CPU
		{B0C873B3-7E9A-4C93-9121-847884505D58}.Debug|Any CPU.ActiveCfg = Debug|Any CPU
		{B0C873B3-7E9A-4C93-9121-847884505D58}.Debug|Any CPU.Build.0 = Debug|Any CPU
		{B0C873B3-7E9A-4C93-9121-847884505D58}.Release|Any CPU.ActiveCfg = Release|Any CPU
		{B0C873B3-7E9A-4C93-9121-847884505D58}.Release|Any CPU.Build.0 = Release|Any CPU
		{526B5616-A635-4E51-B17C-5D0EFDE66DF8}.Debug|Any CPU.ActiveCfg = Debug|Any CPU
		{526B5616-A635-4E51-B17C-5D0EFDE66DF8}.Debug|Any CPU.Build.0 = Debug|Any CPU
		{526B5616-A635-4E51-B17C-5D0EFDE66DF8}.Release|Any CPU.ActiveCfg = Release|Any CPU
		{526B5616-A635-4E51-B17C-5D0EFDE66DF8}.Release|Any CPU.Build.0 = Release|Any CPU
		{4CF8093E-F940-446C-AC41-9AC01008A120}.Debug|Any CPU.ActiveCfg = Debug|Any CPU
		{4CF8093E-F940-446C-AC41-9AC01008A120}.Debug|Any CPU.Build.0 = Debug|Any CPU
		{4CF8093E-F940-446C-AC41-9AC01008A120}.Release|Any CPU.ActiveCfg = Release|Any CPU
		{4CF8093E-F940-446C-AC41-9AC01008A120}.Release|Any CPU.Build.0 = Release|Any CPU
		{860E8203-29BD-4F68-98B0-9D6E74C10BE0}.Debug|Any CPU.ActiveCfg = Debug|Any CPU
		{860E8203-29BD-4F68-98B0-9D6E74C10BE0}.Debug|Any CPU.Build.0 = Debug|Any CPU
		{860E8203-29BD-4F68-98B0-9D6E74C10BE0}.Release|Any CPU.ActiveCfg = Release|Any CPU
		{860E8203-29BD-4F68-98B0-9D6E74C10BE0}.Release|Any CPU.Build.0 = Release|Any CPU
		{DD1AF92A-6C49-4ECA-A968-252529B99D68}.Debug|Any CPU.ActiveCfg = Debug|Any CPU
		{DD1AF92A-6C49-4ECA-A968-252529B99D68}.Debug|Any CPU.Build.0 = Debug|Any CPU
		{DD1AF92A-6C49-4ECA-A968-252529B99D68}.Release|Any CPU.ActiveCfg = Release|Any CPU
		{DD1AF92A-6C49-4ECA-A968-252529B99D68}.Release|Any CPU.Build.0 = Release|Any CPU
		{74B5058E-3C97-491B-A21A-B0B20DAF8DD6}.Debug|Any CPU.ActiveCfg = Debug|Any CPU
		{74B5058E-3C97-491B-A21A-B0B20DAF8DD6}.Debug|Any CPU.Build.0 = Debug|Any CPU
		{74B5058E-3C97-491B-A21A-B0B20DAF8DD6}.Release|Any CPU.ActiveCfg = Release|Any CPU
		{74B5058E-3C97-491B-A21A-B0B20DAF8DD6}.Release|Any CPU.Build.0 = Release|Any CPU
		{D86990FE-C400-4E40-985B-ECBA6CDF337D}.Debug|Any CPU.ActiveCfg = Debug|Any CPU
		{D86990FE-C400-4E40-985B-ECBA6CDF337D}.Debug|Any CPU.Build.0 = Debug|Any CPU
		{D86990FE-C400-4E40-985B-ECBA6CDF337D}.Release|Any CPU.ActiveCfg = Release|Any CPU
		{D86990FE-C400-4E40-985B-ECBA6CDF337D}.Release|Any CPU.Build.0 = Release|Any CPU
	EndGlobalSection
	GlobalSection(SolutionProperties) = preSolution
		HideSolutionNode = FALSE
	EndGlobalSection
	GlobalSection(ExtensibilityGlobals) = postSolution
		SolutionGuid = {66490735-12B5-43D3-ACDF-B9DA07B1648E}
	EndGlobalSection
EndGlobal
